
Microsoft Visual Studio Solution File, Format Version 12.00
# Visual Studio 2012
Project("{FAE04EC0-301F-11D3-BF4B-00C04F79EFBC}") = "punto", "punto\punto.csproj", "{A57FB36F-9E36-4484-88C5-9E549F534179}"
EndProject
Project("{FAE04EC0-301F-11D3-BF4B-00C04F79EFBC}") = "PruebasUnitarias", "PruebasUnitarias\PruebasUnitarias.csproj", "{00DEE58D-7139-47FD-9669-9503BC8737AC}"
EndProject
Global
	GlobalSection(SolutionConfigurationPlatforms) = preSolution
		Debug|Any CPU = Debug|Any CPU
		Release|Any CPU = Release|Any CPU
	EndGlobalSection
	GlobalSection(ProjectConfigurationPlatforms) = postSolution
		{A57FB36F-9E36-4484-88C5-9E549F534179}.Debug|Any CPU.ActiveCfg = Debug|Any CPU
		{A57FB36F-9E36-4484-88C5-9E549F534179}.Debug|Any CPU.Build.0 = Debug|Any CPU
		{A57FB36F-9E36-4484-88C5-9E549F534179}.Release|Any CPU.ActiveCfg = Release|Any CPU
		{A57FB36F-9E36-4484-88C5-9E549F534179}.Release|Any CPU.Build.0 = Release|Any CPU
		{00DEE58D-7139-47FD-9669-9503BC8737AC}.Debug|Any CPU.ActiveCfg = Debug|Any CPU
		{00DEE58D-7139-47FD-9669-9503BC8737AC}.Debug|Any CPU.Build.0 = Debug|Any CPU
		{00DEE58D-7139-47FD-9669-9503BC8737AC}.Release|Any CPU.ActiveCfg = Release|Any CPU
		{00DEE58D-7139-47FD-9669-9503BC8737AC}.Release|Any CPU.Build.0 = Release|Any CPU
	EndGlobalSection
	GlobalSection(SolutionProperties) = preSolution
		HideSolutionNode = FALSE
	EndGlobalSection
EndGlobal
